// !$*UTF8*$!
{
	archiveVersion = 1;
	classes = {
	};
	objectVersion = 46;
	objects = {

/* Begin PBXBuildFile section */
		472ED8251C9196DD0093851D /* AppDelegate.m in Sources */ = {isa = PBXBuildFile; fileRef = 472ED8241C9196DD0093851D /* AppDelegate.m */; };
		472ED8281C9196DD0093851D /* main.m in Sources */ = {isa = PBXBuildFile; fileRef = 472ED8271C9196DD0093851D /* main.m */; };
		472ED82B1C9196DD0093851D /* TFPMasterViewController.m in Sources */ = {isa = PBXBuildFile; fileRef = 472ED82A1C9196DD0093851D /* TFPMasterViewController.m */; };
		472ED82D1C9196DD0093851D /* Assets.xcassets in Resources */ = {isa = PBXBuildFile; fileRef = 472ED82C1C9196DD0093851D /* Assets.xcassets */; };
		472ED8301C9196DD0093851D /* Main.storyboard in Resources */ = {isa = PBXBuildFile; fileRef = 472ED82E1C9196DD0093851D /* Main.storyboard */; };
		472ED83F1C9197560093851D /* main.m in Sources */ = {isa = PBXBuildFile; fileRef = 472ED83E1C9197560093851D /* main.m */; };
		472ED8421C9197560093851D /* AppDelegate.m in Sources */ = {isa = PBXBuildFile; fileRef = 472ED8411C9197560093851D /* AppDelegate.m */; };
		472ED8451C9197560093851D /* ViewController.m in Sources */ = {isa = PBXBuildFile; fileRef = 472ED8441C9197560093851D /* ViewController.m */; };
		472ED8481C9197560093851D /* Main.storyboard in Resources */ = {isa = PBXBuildFile; fileRef = 472ED8461C9197560093851D /* Main.storyboard */; };
		472ED84A1C9197560093851D /* Assets.xcassets in Resources */ = {isa = PBXBuildFile; fileRef = 472ED8491C9197560093851D /* Assets.xcassets */; };
		472ED84D1C9197560093851D /* LaunchScreen.storyboard in Resources */ = {isa = PBXBuildFile; fileRef = 472ED84B1C9197560093851D /* LaunchScreen.storyboard */; };
		472ED8681C91980A0093851D /* PTPrivate.h in Headers */ = {isa = PBXBuildFile; fileRef = 472ED8601C91980A0093851D /* PTPrivate.h */; };
		472ED8691C91980A0093851D /* PTChannel.h in Headers */ = {isa = PBXBuildFile; fileRef = 472ED8611C91980A0093851D /* PTChannel.h */; };
		472ED86A1C91980A0093851D /* PTChannel.m in Sources */ = {isa = PBXBuildFile; fileRef = 472ED8621C91980A0093851D /* PTChannel.m */; };
		472ED86B1C91980A0093851D /* PTProtocol.h in Headers */ = {isa = PBXBuildFile; fileRef = 472ED8631C91980A0093851D /* PTProtocol.h */; };
		472ED86C1C91980A0093851D /* PTProtocol.m in Sources */ = {isa = PBXBuildFile; fileRef = 472ED8641C91980A0093851D /* PTProtocol.m */; };
		472ED86D1C91980A0093851D /* PTUSBHub.h in Headers */ = {isa = PBXBuildFile; fileRef = 472ED8651C91980A0093851D /* PTUSBHub.h */; };
		472ED86E1C91980A0093851D /* PTUSBHub.m in Sources */ = {isa = PBXBuildFile; fileRef = 472ED8661C91980A0093851D /* PTUSBHub.m */; };
		472ED8701C9198430093851D /* Cocoa.framework in Frameworks */ = {isa = PBXBuildFile; fileRef = 472ED86F1C9198430093851D /* Cocoa.framework */; };
/* End PBXBuildFile section */

/* Begin PBXFileReference section */
		472ED8201C9196DD0093851D /* Tool For Preview.app */ = {isa = PBXFileReference; explicitFileType = wrapper.application; includeInIndex = 0; path = "Tool For Preview.app"; sourceTree = BUILT_PRODUCTS_DIR; };
		472ED8231C9196DD0093851D /* AppDelegate.h */ = {isa = PBXFileReference; lastKnownFileType = sourcecode.c.h; path = AppDelegate.h; sourceTree = "<group>"; };
		472ED8241C9196DD0093851D /* AppDelegate.m */ = {isa = PBXFileReference; lastKnownFileType = sourcecode.c.objc; path = AppDelegate.m; sourceTree = "<group>"; };
		472ED8271C9196DD0093851D /* main.m */ = {isa = PBXFileReference; lastKnownFileType = sourcecode.c.objc; path = main.m; sourceTree = "<group>"; };
		472ED8291C9196DD0093851D /* TFPMasterViewController.h */ = {isa = PBXFileReference; lastKnownFileType = sourcecode.c.h; path = TFPMasterViewController.h; sourceTree = "<group>"; };
		472ED82A1C9196DD0093851D /* TFPMasterViewController.m */ = {isa = PBXFileReference; lastKnownFileType = sourcecode.c.objc; path = TFPMasterViewController.m; sourceTree = "<group>"; };
		472ED82C1C9196DD0093851D /* Assets.xcassets */ = {isa = PBXFileReference; lastKnownFileType = folder.assetcatalog; path = Assets.xcassets; sourceTree = "<group>"; };
		472ED82F1C9196DD0093851D /* Base */ = {isa = PBXFileReference; lastKnownFileType = file.storyboard; name = Base; path = Base.lproj/Main.storyboard; sourceTree = "<group>"; };
		472ED8311C9196DD0093851D /* Info.plist */ = {isa = PBXFileReference; lastKnownFileType = text.plist.xml; path = Info.plist; sourceTree = "<group>"; };
		472ED83B1C9197560093851D /* Tool For Preview iOS.app */ = {isa = PBXFileReference; explicitFileType = wrapper.application; includeInIndex = 0; path = "Tool For Preview iOS.app"; sourceTree = BUILT_PRODUCTS_DIR; };
		472ED83E1C9197560093851D /* main.m */ = {isa = PBXFileReference; lastKnownFileType = sourcecode.c.objc; path = main.m; sourceTree = "<group>"; };
		472ED8401C9197560093851D /* AppDelegate.h */ = {isa = PBXFileReference; lastKnownFileType = sourcecode.c.h; path = AppDelegate.h; sourceTree = "<group>"; };
		472ED8411C9197560093851D /* AppDelegate.m */ = {isa = PBXFileReference; lastKnownFileType = sourcecode.c.objc; path = AppDelegate.m; sourceTree = "<group>"; };
		472ED8431C9197560093851D /* ViewController.h */ = {isa = PBXFileReference; lastKnownFileType = sourcecode.c.h; path = ViewController.h; sourceTree = "<group>"; };
		472ED8441C9197560093851D /* ViewController.m */ = {isa = PBXFileReference; lastKnownFileType = sourcecode.c.objc; path = ViewController.m; sourceTree = "<group>"; };
		472ED8471C9197560093851D /* Base */ = {isa = PBXFileReference; lastKnownFileType = file.storyboard; name = Base; path = Base.lproj/Main.storyboard; sourceTree = "<group>"; };
		472ED8491C9197560093851D /* Assets.xcassets */ = {isa = PBXFileReference; lastKnownFileType = folder.assetcatalog; path = Assets.xcassets; sourceTree = "<group>"; };
		472ED84C1C9197560093851D /* Base */ = {isa = PBXFileReference; lastKnownFileType = file.storyboard; name = Base; path = Base.lproj/LaunchScreen.storyboard; sourceTree = "<group>"; };
		472ED84E1C9197560093851D /* Info.plist */ = {isa = PBXFileReference; lastKnownFileType = text.plist.xml; path = Info.plist; sourceTree = "<group>"; };
		472ED8561C9197D00093851D /* libToolLabrary.a */ = {isa = PBXFileReference; explicitFileType = "compiled.mach-o.dylib"; includeInIndex = 0; path = libToolLabrary.a; sourceTree = BUILT_PRODUCTS_DIR; };
		472ED85F1C91980A0093851D /* prefix.pch */ = {isa = PBXFileReference; fileEncoding = 4; lastKnownFileType = sourcecode.c.h; path = prefix.pch; sourceTree = "<group>"; };
		472ED8601C91980A0093851D /* PTPrivate.h */ = {isa = PBXFileReference; fileEncoding = 4; lastKnownFileType = sourcecode.c.h; path = PTPrivate.h; sourceTree = "<group>"; };
		472ED8611C91980A0093851D /* PTChannel.h */ = {isa = PBXFileReference; fileEncoding = 4; lastKnownFileType = sourcecode.c.h; path = PTChannel.h; sourceTree = "<group>"; };
		472ED8621C91980A0093851D /* PTChannel.m */ = {isa = PBXFileReference; fileEncoding = 4; lastKnownFileType = sourcecode.c.objc; path = PTChannel.m; sourceTree = "<group>"; };
		472ED8631C91980A0093851D /* PTProtocol.h */ = {isa = PBXFileReference; fileEncoding = 4; lastKnownFileType = sourcecode.c.h; path = PTProtocol.h; sourceTree = "<group>"; };
		472ED8641C91980A0093851D /* PTProtocol.m */ = {isa = PBXFileReference; fileEncoding = 4; lastKnownFileType = sourcecode.c.objc; path = PTProtocol.m; sourceTree = "<group>"; };
		472ED8651C91980A0093851D /* PTUSBHub.h */ = {isa = PBXFileReference; fileEncoding = 4; lastKnownFileType = sourcecode.c.h; path = PTUSBHub.h; sourceTree = "<group>"; };
		472ED8661C91980A0093851D /* PTUSBHub.m */ = {isa = PBXFileReference; fileEncoding = 4; lastKnownFileType = sourcecode.c.objc; path = PTUSBHub.m; sourceTree = "<group>"; };
		472ED86F1C9198430093851D /* Cocoa.framework */ = {isa = PBXFileReference; lastKnownFileType = wrapper.framework; name = Cocoa.framework; path = System/Library/Frameworks/Cocoa.framework; sourceTree = SDKROOT; };
/* End PBXFileReference section */

/* Begin PBXFrameworksBuildPhase section */
		472ED81D1C9196DD0093851D /* Frameworks */ = {
			isa = PBXFrameworksBuildPhase;
			buildActionMask = 2147483647;
			files = (
			);
			runOnlyForDeploymentPostprocessing = 0;
		};
		472ED8381C9197560093851D /* Frameworks */ = {
			isa = PBXFrameworksBuildPhase;
			buildActionMask = 2147483647;
			files = (
			);
			runOnlyForDeploymentPostprocessing = 0;
		};
		472ED8531C9197D00093851D /* Frameworks */ = {
			isa = PBXFrameworksBuildPhase;
			buildActionMask = 2147483647;
			files = (
				472ED8701C9198430093851D /* Cocoa.framework in Frameworks */,
			);
			runOnlyForDeploymentPostprocessing = 0;
		};
/* End PBXFrameworksBuildPhase section */

/* Begin PBXGroup section */
		472ED8171C9196DD0093851D = {
			isa = PBXGroup;
			children = (
				472ED86F1C9198430093851D /* Cocoa.framework */,
				472ED8221C9196DD0093851D /* Tool For Preview */,
				472ED83C1C9197560093851D /* Tool For Preview iOS */,
				472ED8571C9197D00093851D /* ToolLabrary */,
				472ED8211C9196DD0093851D /* Products */,
			);
			sourceTree = "<group>";
		};
		472ED8211C9196DD0093851D /* Products */ = {
			isa = PBXGroup;
			children = (
				472ED8201C9196DD0093851D /* Tool For Preview.app */,
				472ED83B1C9197560093851D /* Tool For Preview iOS.app */,
				472ED8561C9197D00093851D /* libToolLabrary.a */,
			);
			name = Products;
			sourceTree = "<group>";
		};
		472ED8221C9196DD0093851D /* Tool For Preview */ = {
			isa = PBXGroup;
			children = (
				472ED8231C9196DD0093851D /* AppDelegate.h */,
				472ED8241C9196DD0093851D /* AppDelegate.m */,
				472ED8291C9196DD0093851D /* TFPMasterViewController.h */,
				472ED82A1C9196DD0093851D /* TFPMasterViewController.m */,
				472ED82C1C9196DD0093851D /* Assets.xcassets */,
				472ED82E1C9196DD0093851D /* Main.storyboard */,
				472ED8311C9196DD0093851D /* Info.plist */,
				472ED8261C9196DD0093851D /* Supporting Files */,
			);
			path = "Tool For Preview";
			sourceTree = "<group>";
		};
		472ED8261C9196DD0093851D /* Supporting Files */ = {
			isa = PBXGroup;
			children = (
				472ED8271C9196DD0093851D /* main.m */,
			);
			name = "Supporting Files";
			sourceTree = "<group>";
		};
		472ED83C1C9197560093851D /* Tool For Preview iOS */ = {
			isa = PBXGroup;
			children = (
				472ED8401C9197560093851D /* AppDelegate.h */,
				472ED8411C9197560093851D /* AppDelegate.m */,
				472ED8431C9197560093851D /* ViewController.h */,
				472ED8441C9197560093851D /* ViewController.m */,
				472ED8461C9197560093851D /* Main.storyboard */,
				472ED8491C9197560093851D /* Assets.xcassets */,
				472ED84B1C9197560093851D /* LaunchScreen.storyboard */,
				472ED84E1C9197560093851D /* Info.plist */,
				472ED83D1C9197560093851D /* Supporting Files */,
			);
			path = "Tool For Preview iOS";
			sourceTree = "<group>";
		};
		472ED83D1C9197560093851D /* Supporting Files */ = {
			isa = PBXGroup;
			children = (
				472ED83E1C9197560093851D /* main.m */,
			);
			name = "Supporting Files";
			sourceTree = "<group>";
		};
		472ED8571C9197D00093851D /* ToolLabrary */ = {
			isa = PBXGroup;
			children = (
				472ED85F1C91980A0093851D /* prefix.pch */,
				472ED8601C91980A0093851D /* PTPrivate.h */,
				472ED8611C91980A0093851D /* PTChannel.h */,
				472ED8621C91980A0093851D /* PTChannel.m */,
				472ED8631C91980A0093851D /* PTProtocol.h */,
				472ED8641C91980A0093851D /* PTProtocol.m */,
				472ED8651C91980A0093851D /* PTUSBHub.h */,
				472ED8661C91980A0093851D /* PTUSBHub.m */,
			);
			path = ToolLabrary;
			sourceTree = "<group>";
		};
/* End PBXGroup section */

/* Begin PBXHeadersBuildPhase section */
		472ED8541C9197D00093851D /* Headers */ = {
			isa = PBXHeadersBuildPhase;
			buildActionMask = 2147483647;
			files = (
				472ED8681C91980A0093851D /* PTPrivate.h in Headers */,
				472ED8691C91980A0093851D /* PTChannel.h in Headers */,
				472ED86D1C91980A0093851D /* PTUSBHub.h in Headers */,
				472ED86B1C91980A0093851D /* PTProtocol.h in Headers */,
			);
			runOnlyForDeploymentPostprocessing = 0;
		};
/* End PBXHeadersBuildPhase section */

/* Begin PBXNativeTarget section */
		472ED81F1C9196DD0093851D /* Tool For Preview */ = {
			isa = PBXNativeTarget;
			buildConfigurationList = 472ED8341C9196DD0093851D /* Build configuration list for PBXNativeTarget "Tool For Preview" */;
			buildPhases = (
				472ED81C1C9196DD0093851D /* Sources */,
				472ED81D1C9196DD0093851D /* Frameworks */,
				472ED81E1C9196DD0093851D /* Resources */,
			);
			buildRules = (
			);
			dependencies = (
			);
			name = "Tool For Preview";
			productName = "Tool For Preview";
			productReference = 472ED8201C9196DD0093851D /* Tool For Preview.app */;
			productType = "com.apple.product-type.application";
		};
		472ED83A1C9197560093851D /* Tool For Preview iOS */ = {
			isa = PBXNativeTarget;
			buildConfigurationList = 472ED84F1C9197560093851D /* Build configuration list for PBXNativeTarget "Tool For Preview iOS" */;
			buildPhases = (
				472ED8371C9197560093851D /* Sources */,
				472ED8381C9197560093851D /* Frameworks */,
				472ED8391C9197560093851D /* Resources */,
			);
			buildRules = (
			);
			dependencies = (
			);
			name = "Tool For Preview iOS";
			productName = "Tool For Preview iOS";
			productReference = 472ED83B1C9197560093851D /* Tool For Preview iOS.app */;
			productType = "com.apple.product-type.application";
		};
		472ED8551C9197D00093851D /* ToolLabrary */ = {
			isa = PBXNativeTarget;
			buildConfigurationList = 472ED85C1C9197D00093851D /* Build configuration list for PBXNativeTarget "ToolLabrary" */;
			buildPhases = (
				472ED8521C9197D00093851D /* Sources */,
				472ED8531C9197D00093851D /* Frameworks */,
				472ED8541C9197D00093851D /* Headers */,
			);
			buildRules = (
			);
			dependencies = (
			);
			name = ToolLabrary;
			productName = ToolLabrary;
			productReference = 472ED8561C9197D00093851D /* libToolLabrary.a */;
			productType = "com.apple.product-type.library.dynamic";
		};
/* End PBXNativeTarget section */

/* Begin PBXProject section */
		472ED8181C9196DD0093851D /* Project object */ = {
			isa = PBXProject;
			attributes = {
				LastUpgradeCheck = 0720;
				ORGANIZATIONNAME = vivo;
				TargetAttributes = {
					472ED81F1C9196DD0093851D = {
						CreatedOnToolsVersion = 7.2;
					};
					472ED83A1C9197560093851D = {
						CreatedOnToolsVersion = 7.2;
					};
					472ED8551C9197D00093851D = {
						CreatedOnToolsVersion = 7.2;
					};
				};
			};
			buildConfigurationList = 472ED81B1C9196DD0093851D /* Build configuration list for PBXProject "Tool For Preview" */;
			compatibilityVersion = "Xcode 3.2";
			developmentRegion = English;
			hasScannedForEncodings = 0;
			knownRegions = (
				en,
				Base,
			);
			mainGroup = 472ED8171C9196DD0093851D;
			productRefGroup = 472ED8211C9196DD0093851D /* Products */;
			projectDirPath = "";
			projectRoot = "";
			targets = (
				472ED81F1C9196DD0093851D /* Tool For Preview */,
				472ED83A1C9197560093851D /* Tool For Preview iOS */,
				472ED8551C9197D00093851D /* ToolLabrary */,
			);
		};
/* End PBXProject section */

/* Begin PBXResourcesBuildPhase section */
		472ED81E1C9196DD0093851D /* Resources */ = {
			isa = PBXResourcesBuildPhase;
			buildActionMask = 2147483647;
			files = (
				472ED82D1C9196DD0093851D /* Assets.xcassets in Resources */,
				472ED8301C9196DD0093851D /* Main.storyboard in Resources */,
			);
			runOnlyForDeploymentPostprocessing = 0;
		};
		472ED8391C9197560093851D /* Resources */ = {
			isa = PBXResourcesBuildPhase;
			buildActionMask = 2147483647;
			files = (
				472ED84D1C9197560093851D /* LaunchScreen.storyboard in Resources */,
				472ED84A1C9197560093851D /* Assets.xcassets in Resources */,
				472ED8481C9197560093851D /* Main.storyboard in Resources */,
			);
			runOnlyForDeploymentPostprocessing = 0;
		};
/* End PBXResourcesBuildPhase section */

/* Begin PBXSourcesBuildPhase section */
		472ED81C1C9196DD0093851D /* Sources */ = {
			isa = PBXSourcesBuildPhase;
			buildActionMask = 2147483647;
			files = (
				472ED82B1C9196DD0093851D /* TFPMasterViewController.m in Sources */,
				472ED8281C9196DD0093851D /* main.m in Sources */,
				472ED8251C9196DD0093851D /* AppDelegate.m in Sources */,
			);
			runOnlyForDeploymentPostprocessing = 0;
		};
		472ED8371C9197560093851D /* Sources */ = {
			isa = PBXSourcesBuildPhase;
			buildActionMask = 2147483647;
			files = (
				472ED8451C9197560093851D /* ViewController.m in Sources */,
				472ED8421C9197560093851D /* AppDelegate.m in Sources */,
				472ED83F1C9197560093851D /* main.m in Sources */,
			);
			runOnlyForDeploymentPostprocessing = 0;
		};
		472ED8521C9197D00093851D /* Sources */ = {
			isa = PBXSourcesBuildPhase;
			buildActionMask = 2147483647;
			files = (
				472ED86A1C91980A0093851D /* PTChannel.m in Sources */,
				472ED86E1C91980A0093851D /* PTUSBHub.m in Sources */,
				472ED86C1C91980A0093851D /* PTProtocol.m in Sources */,
			);
			runOnlyForDeploymentPostprocessing = 0;
		};
/* End PBXSourcesBuildPhase section */

/* Begin PBXVariantGroup section */
		472ED82E1C9196DD0093851D /* Main.storyboard */ = {
			isa = PBXVariantGroup;
			children = (
				472ED82F1C9196DD0093851D /* Base */,
			);
			name = Main.storyboard;
			sourceTree = "<group>";
		};
		472ED8461C9197560093851D /* Main.storyboard */ = {
			isa = PBXVariantGroup;
			children = (
				472ED8471C9197560093851D /* Base */,
			);
			name = Main.storyboard;
			sourceTree = "<group>";
		};
		472ED84B1C9197560093851D /* LaunchScreen.storyboard */ = {
			isa = PBXVariantGroup;
			children = (
				472ED84C1C9197560093851D /* Base */,
			);
			name = LaunchScreen.storyboard;
			sourceTree = "<group>";
		};
/* End PBXVariantGroup section */

/* Begin XCBuildConfiguration section */
		472ED8321C9196DD0093851D /* Debug */ = {
			isa = XCBuildConfiguration;
			buildSettings = {
				ALWAYS_SEARCH_USER_PATHS = NO;
				CLANG_CXX_LANGUAGE_STANDARD = "gnu++0x";
				CLANG_CXX_LIBRARY = "libc++";
				CLANG_ENABLE_MODULES = YES;
				CLANG_ENABLE_OBJC_ARC = YES;
				CLANG_WARN_BOOL_CONVERSION = YES;
				CLANG_WARN_CONSTANT_CONVERSION = YES;
				CLANG_WARN_DIRECT_OBJC_ISA_USAGE = YES_ERROR;
				CLANG_WARN_EMPTY_BODY = YES;
				CLANG_WARN_ENUM_CONVERSION = YES;
				CLANG_WARN_INT_CONVERSION = YES;
				CLANG_WARN_OBJC_ROOT_CLASS = YES_ERROR;
				CLANG_WARN_UNREACHABLE_CODE = YES;
				CLANG_WARN__DUPLICATE_METHOD_MATCH = YES;
				CODE_SIGN_IDENTITY = "-";
				COPY_PHASE_STRIP = NO;
				DEBUG_INFORMATION_FORMAT = dwarf;
				ENABLE_STRICT_OBJC_MSGSEND = YES;
				ENABLE_TESTABILITY = YES;
				GCC_C_LANGUAGE_STANDARD = gnu99;
				GCC_DYNAMIC_NO_PIC = NO;
				GCC_NO_COMMON_BLOCKS = YES;
				GCC_OPTIMIZATION_LEVEL = 0;
				GCC_PREPROCESSOR_DEFINITIONS = (
					"DEBUG=1",
					"$(inherited)",
				);
				GCC_WARN_64_TO_32_BIT_CONVERSION = YES;
				GCC_WARN_ABOUT_RETURN_TYPE = YES_ERROR;
				GCC_WARN_UNDECLARED_SELECTOR = YES;
				GCC_WARN_UNINITIALIZED_AUTOS = YES_AGGRESSIVE;
				GCC_WARN_UNUSED_FUNCTION = YES;
				GCC_WARN_UNUSED_VARIABLE = YES;
				MACOSX_DEPLOYMENT_TARGET = 10.11;
				MTL_ENABLE_DEBUG_INFO = YES;
				ONLY_ACTIVE_ARCH = YES;
				SDKROOT = macosx;
			};
			name = Debug;
		};
		472ED8331C9196DD0093851D /* Release */ = {
			isa = XCBuildConfiguration;
			buildSettings = {
				ALWAYS_SEARCH_USER_PATHS = NO;
				CLANG_CXX_LANGUAGE_STANDARD = "gnu++0x";
				CLANG_CXX_LIBRARY = "libc++";
				CLANG_ENABLE_MODULES = YES;
				CLANG_ENABLE_OBJC_ARC = YES;
				CLANG_WARN_BOOL_CONVERSION = YES;
				CLANG_WARN_CONSTANT_CONVERSION = YES;
				CLANG_WARN_DIRECT_OBJC_ISA_USAGE = YES_ERROR;
				CLANG_WARN_EMPTY_BODY = YES;
				CLANG_WARN_ENUM_CONVERSION = YES;
				CLANG_WARN_INT_CONVERSION = YES;
				CLANG_WARN_OBJC_ROOT_CLASS = YES_ERROR;
				CLANG_WARN_UNREACHABLE_CODE = YES;
				CLANG_WARN__DUPLICATE_METHOD_MATCH = YES;
				CODE_SIGN_IDENTITY = "-";
				COPY_PHASE_STRIP = NO;
				DEBUG_INFORMATION_FORMAT = "dwarf-with-dsym";
				ENABLE_NS_ASSERTIONS = NO;
				ENABLE_STRICT_OBJC_MSGSEND = YES;
				GCC_C_LANGUAGE_STANDARD = gnu99;
				GCC_NO_COMMON_BLOCKS = YES;
				GCC_WARN_64_TO_32_BIT_CONVERSION = YES;
				GCC_WARN_ABOUT_RETURN_TYPE = YES_ERROR;
				GCC_WARN_UNDECLARED_SELECTOR = YES;
				GCC_WARN_UNINITIALIZED_AUTOS = YES_AGGRESSIVE;
				GCC_WARN_UNUSED_FUNCTION = YES;
				GCC_WARN_UNUSED_VARIABLE = YES;
				MACOSX_DEPLOYMENT_TARGET = 10.11;
				MTL_ENABLE_DEBUG_INFO = NO;
				SDKROOT = macosx;
			};
			name = Release;
		};
		472ED8351C9196DD0093851D /* Debug */ = {
			isa = XCBuildConfiguration;
			buildSettings = {
				ASSETCATALOG_COMPILER_APPICON_NAME = AppIcon;
				COMBINE_HIDPI_IMAGES = YES;
				INFOPLIST_FILE = "Tool For Preview/Info.plist";
				LD_RUNPATH_SEARCH_PATHS = "$(inherited) @executable_path/../Frameworks";
				PRODUCT_BUNDLE_IDENTIFIER = "com.vivo.Tool-For-Preview";
				PRODUCT_NAME = "$(TARGET_NAME)";
			};
			name = Debug;
		};
		472ED8361C9196DD0093851D /* Release */ = {
			isa = XCBuildConfiguration;
			buildSettings = {
				ASSETCATALOG_COMPILER_APPICON_NAME = AppIcon;
				COMBINE_HIDPI_IMAGES = YES;
				INFOPLIST_FILE = "Tool For Preview/Info.plist";
				LD_RUNPATH_SEARCH_PATHS = "$(inherited) @executable_path/../Frameworks";
				PRODUCT_BUNDLE_IDENTIFIER = "com.vivo.Tool-For-Preview";
				PRODUCT_NAME = "$(TARGET_NAME)";
			};
			name = Release;
		};
		472ED8501C9197560093851D /* Debug */ = {
			isa = XCBuildConfiguration;
			buildSettings = {
				ASSETCATALOG_COMPILER_APPICON_NAME = AppIcon;
				"CODE_SIGN_IDENTITY[sdk=iphoneos*]" = "iPhone Developer";
				INFOPLIST_FILE = "Tool For Preview iOS/Info.plist";
				IPHONEOS_DEPLOYMENT_TARGET = 9.2;
				LD_RUNPATH_SEARCH_PATHS = "$(inherited) @executable_path/Frameworks";
				PRODUCT_BUNDLE_IDENTIFIER = "com.vivo.Tool-For-Preview-iOS";
				PRODUCT_NAME = "$(TARGET_NAME)";
				SDKROOT = iphoneos;
			};
			name = Debug;
		};
		472ED8511C9197560093851D /* Release */ = {
			isa = XCBuildConfiguration;
			buildSettings = {
				ASSETCATALOG_COMPILER_APPICON_NAME = AppIcon;
				"CODE_SIGN_IDENTITY[sdk=iphoneos*]" = "iPhone Developer";
				INFOPLIST_FILE = "Tool For Preview iOS/Info.plist";
				IPHONEOS_DEPLOYMENT_TARGET = 9.2;
				LD_RUNPATH_SEARCH_PATHS = "$(inherited) @executable_path/Frameworks";
				PRODUCT_BUNDLE_IDENTIFIER = "com.vivo.Tool-For-Preview-iOS";
				PRODUCT_NAME = "$(TARGET_NAME)";
				SDKROOT = iphoneos;
				VALIDATE_PRODUCT = YES;
			};
			name = Release;
		};
		472ED85D1C9197D00093851D /* Debug */ = {
			isa = XCBuildConfiguration;
			buildSettings = {
				CODE_SIGN_IDENTITY = "";
				DYLIB_COMPATIBILITY_VERSION = 1;
				DYLIB_CURRENT_VERSION = 1;
				EXECUTABLE_EXTENSION = a;
				EXECUTABLE_PREFIX = lib;
				PRODUCT_NAME = "$(TARGET_NAME)";
			};
			name = Debug;
		};
		472ED85E1C9197D00093851D /* Release */ = {
			isa = XCBuildConfiguration;
			buildSettings = {
				CODE_SIGN_IDENTITY = "";
				DYLIB_COMPATIBILITY_VERSION = 1;
				DYLIB_CURRENT_VERSION = 1;
				EXECUTABLE_EXTENSION = a;
				EXECUTABLE_PREFIX = lib;
				PRODUCT_NAME = "$(TARGET_NAME)";
			};
			name = Release;
		};
/* End XCBuildConfiguration section */

/* Begin XCConfigurationList section */
		472ED81B1C9196DD0093851D /* Build configuration list for PBXProject "Tool For Preview" */ = {
			isa = XCConfigurationList;
			buildConfigurations = (
				472ED8321C9196DD0093851D /* Debug */,
				472ED8331C9196DD0093851D /* Release */,
			);
			defaultConfigurationIsVisible = 0;
			defaultConfigurationName = Release;
		};
		472ED8341C9196DD0093851D /* Build configuration list for PBXNativeTarget "Tool For Preview" */ = {
			isa = XCConfigurationList;
			buildConfigurations = (
				472ED8351C9196DD0093851D /* Debug */,
				472ED8361C9196DD0093851D /* Release */,
			);
			defaultConfigurationIsVisible = 0;
		};
		472ED84F1C9197560093851D /* Build configuration list for PBXNativeTarget "Tool For Preview iOS" */ = {
			isa = XCConfigurationList;
			buildConfigurations = (
				472ED8501C9197560093851D /* Debug */,
				472ED8511C9197560093851D /* Release */,
			);
			defaultConfigurationIsVisible = 0;
		};
		472ED85C1C9197D00093851D /* Build configuration list for PBXNativeTarget "ToolLabrary" */ = {
			isa = XCConfigurationList;
			buildConfigurations = (
				472ED85D1C9197D00093851D /* Debug */,
				472ED85E1C9197D00093851D /* Release */,
			);
			defaultConfigurationIsVisible = 0;
		};
/* End XCConfigurationList section */
	};
	rootObject = 472ED8181C9196DD0093851D /* Project object */;
}
